// !$*UTF8*$!
{
	archiveVersion = 1;
	classes = {
	};
	objectVersion = 48;
	objects = {

/* Begin PBXBuildFile section */
		E206A69120574EAE0004B686 /* AppDelegate.swift in Sources */ = {isa = PBXBuildFile; fileRef = E206A69020574EAE0004B686 /* AppDelegate.swift */; };
		E206A69320574EAE0004B686 /* ViewController.swift in Sources */ = {isa = PBXBuildFile; fileRef = E206A69220574EAE0004B686 /* ViewController.swift */; };
		E206A69820574EAE0004B686 /* Main.storyboard in Resources */ = {isa = PBXBuildFile; fileRef = E206A69620574EAE0004B686 /* Main.storyboard */; };
		E206A6A52057CF5D0004B686 /* sshremove in Resources */ = {isa = PBXBuildFile; fileRef = E206A6A42057CF5D0004B686 /* sshremove */; };
		E206A6A72057D7BA0004B686 /* sshrun in Resources */ = {isa = PBXBuildFile; fileRef = E206A6A62057D7BA0004B686 /* sshrun */; };
		E206A6A92057DCBA0004B686 /* ssh in Resources */ = {isa = PBXBuildFile; fileRef = E206A6A82057DCBA0004B686 /* ssh */; };
		E2351B85209D7EC800E08652 /* sshscreen in Resources */ = {isa = PBXBuildFile; fileRef = E2351B84209D7EC800E08652 /* sshscreen */; };
		E27413FF2088379A002E4A4D /* scp in Resources */ = {isa = PBXBuildFile; fileRef = E27413FE2088379A002E4A4D /* scp */; };
		E2938D6E205A535B00DC804A /* temp.sh in Resources */ = {isa = PBXBuildFile; fileRef = E2938D6D205A535B00DC804A /* temp.sh */; };
		E2DD8691207EF6E000015767 /* sshkill in Resources */ = {isa = PBXBuildFile; fileRef = E2DD868F207EF6DF00015767 /* sshkill */; };
		E2DD8694207F256C00015767 /* sshopen in Resources */ = {isa = PBXBuildFile; fileRef = E2DD8693207F256C00015767 /* sshopen */; };
		E2DD8696207F33DB00015767 /* FileDragView.swift in Sources */ = {isa = PBXBuildFile; fileRef = E2DD8695207F33DB00015767 /* FileDragView.swift */; };
		E2DD8698207F3F8600015767 /* Config.plist in Resources */ = {isa = PBXBuildFile; fileRef = E2DD8697207F3F8600015767 /* Config.plist */; };
		E2DEC27D205B5A900081756B /* TargetPlan in Resources */ = {isa = PBXBuildFile; fileRef = E2DEC27C205B5A900081756B /* TargetPlan */; };
		E2DEC27F205B920B0081756B /* Assets.xcassets in Resources */ = {isa = PBXBuildFile; fileRef = E2DEC27E205B920B0081756B /* Assets.xcassets */; };
		E2FD521720647FC50009C548 /* AEPassword.m in Sources */ = {isa = PBXBuildFile; fileRef = E2FD521620647FC50009C548 /* AEPassword.m */; };
/* End PBXBuildFile section */

/* Begin PBXFileReference section */
		E206A68D20574EAE0004B686 /* LogCollection.app */ = {isa = PBXFileReference; explicitFileType = wrapper.application; includeInIndex = 0; path = LogCollection.app; sourceTree = BUILT_PRODUCTS_DIR; };
		E206A69020574EAE0004B686 /* AppDelegate.swift */ = {isa = PBXFileReference; lastKnownFileType = sourcecode.swift; path = AppDelegate.swift; sourceTree = "<group>"; };
		E206A69220574EAE0004B686 /* ViewController.swift */ = {isa = PBXFileReference; lastKnownFileType = sourcecode.swift; path = ViewController.swift; sourceTree = "<group>"; };
		E206A69720574EAE0004B686 /* Base */ = {isa = PBXFileReference; lastKnownFileType = file.storyboard; name = Base; path = Base.lproj/Main.storyboard; sourceTree = "<group>"; };
		E206A69920574EAE0004B686 /* Info.plist */ = {isa = PBXFileReference; lastKnownFileType = text.plist.xml; path = Info.plist; sourceTree = "<group>"; };
		E206A69A20574EAE0004B686 /* LogCollection.entitlements */ = {isa = PBXFileReference; lastKnownFileType = text.plist.entitlements; path = LogCollection.entitlements; sourceTree = "<group>"; };
		E206A6A42057CF5D0004B686 /* sshremove */ = {isa = PBXFileReference; fileEncoding = 4; lastKnownFileType = text; path = sshremove; sourceTree = "<group>"; };
		E206A6A62057D7BA0004B686 /* sshrun */ = {isa = PBXFileReference; fileEncoding = 4; lastKnownFileType = text; path = sshrun; sourceTree = "<group>"; };
		E206A6A82057DCBA0004B686 /* ssh */ = {isa = PBXFileReference; fileEncoding = 4; lastKnownFileType = text; path = ssh; sourceTree = "<group>"; };
		E2351B84209D7EC800E08652 /* sshscreen */ = {isa = PBXFileReference; fileEncoding = 4; lastKnownFileType = text; path = sshscreen; sourceTree = "<group>"; };
		E27413FE2088379A002E4A4D /* scp */ = {isa = PBXFileReference; fileEncoding = 4; lastKnownFileType = text; path = scp; sourceTree = "<group>"; };
		E2938D6D205A535B00DC804A /* temp.sh */ = {isa = PBXFileReference; fileEncoding = 4; lastKnownFileType = text.script.sh; path = temp.sh; sourceTree = "<group>"; };
		E2DD868F207EF6DF00015767 /* sshkill */ = {isa = PBXFileReference; fileEncoding = 4; lastKnownFileType = text; path = sshkill; sourceTree = "<group>"; };
		E2DD8693207F256C00015767 /* sshopen */ = {isa = PBXFileReference; fileEncoding = 4; lastKnownFileType = text; path = sshopen; sourceTree = "<group>"; };
		E2DD8695207F33DB00015767 /* FileDragView.swift */ = {isa = PBXFileReference; fileEncoding = 4; lastKnownFileType = sourcecode.swift; path = FileDragView.swift; sourceTree = "<group>"; };
		E2DD8697207F3F8600015767 /* Config.plist */ = {isa = PBXFileReference; lastKnownFileType = text.plist.xml; path = Config.plist; sourceTree = "<group>"; };
		E2DEC27C205B5A900081756B /* TargetPlan */ = {isa = PBXFileReference; lastKnownFileType = "compiled.mach-o.executable"; path = TargetPlan; sourceTree = "<group>"; };
		E2DEC27E205B920B0081756B /* Assets.xcassets */ = {isa = PBXFileReference; lastKnownFileType = folder.assetcatalog; path = Assets.xcassets; sourceTree = "<group>"; };
		E2FD521420647FC50009C548 /* LogCollection-Bridging-Header.h */ = {isa = PBXFileReference; lastKnownFileType = sourcecode.c.h; path = "LogCollection-Bridging-Header.h"; sourceTree = "<group>"; };
		E2FD521520647FC50009C548 /* AEPassword.h */ = {isa = PBXFileReference; lastKnownFileType = sourcecode.c.h; path = AEPassword.h; sourceTree = "<group>"; };
		E2FD521620647FC50009C548 /* AEPassword.m */ = {isa = PBXFileReference; lastKnownFileType = sourcecode.c.objc; path = AEPassword.m; sourceTree = "<group>"; };
/* End PBXFileReference section */

/* Begin PBXFrameworksBuildPhase section */
		E206A68A20574EAE0004B686 /* Frameworks */ = {
			isa = PBXFrameworksBuildPhase;
			buildActionMask = 2147483647;
			files = (
			);
			runOnlyForDeploymentPostprocessing = 0;
		};
/* End PBXFrameworksBuildPhase section */

/* Begin PBXGroup section */
		E206A68420574EAE0004B686 = {
			isa = PBXGroup;
			children = (
				E206A68F20574EAE0004B686 /* LogCollection */,
				E206A68E20574EAE0004B686 /* Products */,
			);
			sourceTree = "<group>";
		};
		E206A68E20574EAE0004B686 /* Products */ = {
			isa = PBXGroup;
			children = (
				E206A68D20574EAE0004B686 /* LogCollection.app */,
			);
			name = Products;
			sourceTree = "<group>";
		};
		E206A68F20574EAE0004B686 /* LogCollection */ = {
			isa = PBXGroup;
			children = (
				E206A69020574EAE0004B686 /* AppDelegate.swift */,
				E2FD521520647FC50009C548 /* AEPassword.h */,
				E2FD521620647FC50009C548 /* AEPassword.m */,
				E206A69220574EAE0004B686 /* ViewController.swift */,
				E2DD8695207F33DB00015767 /* FileDragView.swift */,
				E206A69620574EAE0004B686 /* Main.storyboard */,
				E2DD8697207F3F8600015767 /* Config.plist */,
				E206A69920574EAE0004B686 /* Info.plist */,
				E206A69A20574EAE0004B686 /* LogCollection.entitlements */,
				E2DEC27E205B920B0081756B /* Assets.xcassets */,
				E2DEC27C205B5A900081756B /* TargetPlan */,
				E2938D6D205A535B00DC804A /* temp.sh */,
				E2DD8692207F245B00015767 /* expect */,
				E2FD521420647FC50009C548 /* LogCollection-Bridging-Header.h */,
			);
			path = LogCollection;
			sourceTree = "<group>";
		};
		E2DD8692207F245B00015767 /* expect */ = {
			isa = PBXGroup;
			children = (
				E27413FE2088379A002E4A4D /* scp */,
				E206A6A82057DCBA0004B686 /* ssh */,
				E2DD868F207EF6DF00015767 /* sshkill */,
				E206A6A62057D7BA0004B686 /* sshrun */,
				E206A6A42057CF5D0004B686 /* sshremove */,
				E2351B84209D7EC800E08652 /* sshscreen */,
				E2DD8693207F256C00015767 /* sshopen */,
			);
			path = expect;
			sourceTree = "<group>";
		};
/* End PBXGroup section */

/* Begin PBXNativeTarget section */
		E206A68C20574EAE0004B686 /* LogCollection */ = {
			isa = PBXNativeTarget;
			buildConfigurationList = E206A69D20574EAE0004B686 /* Build configuration list for PBXNativeTarget "LogCollection" */;
			buildPhases = (
				E206A68920574EAE0004B686 /* Sources */,
				E206A68A20574EAE0004B686 /* Frameworks */,
				E206A68B20574EAE0004B686 /* Resources */,
			);
			buildRules = (
			);
			dependencies = (
			);
			name = LogCollection;
			productName = LogCollection;
			productReference = E206A68D20574EAE0004B686 /* LogCollection.app */;
			productType = "com.apple.product-type.application";
		};
/* End PBXNativeTarget section */

/* Begin PBXProject section */
		E206A68520574EAE0004B686 /* Project object */ = {
			isa = PBXProject;
			attributes = {
				LastSwiftUpdateCheck = 0920;
				LastUpgradeCheck = 0930;
				ORGANIZATIONNAME = Alonso;
				TargetAttributes = {
					E206A68C20574EAE0004B686 = {
						CreatedOnToolsVersion = 9.2;
						LastSwiftMigration = 0920;
						ProvisioningStyle = Automatic;
						SystemCapabilities = {
							com.apple.Sandbox = {
								enabled = 0;
							};
						};
					};
				};
			};
			buildConfigurationList = E206A68820574EAE0004B686 /* Build configuration list for PBXProject "LogCollection" */;
			compatibilityVersion = "Xcode 8.0";
			developmentRegion = en;
			hasScannedForEncodings = 0;
			knownRegions = (
				en,
				Base,
			);
			mainGroup = E206A68420574EAE0004B686;
			productRefGroup = E206A68E20574EAE0004B686 /* Products */;
			projectDirPath = "";
			projectRoot = "";
			targets = (
				E206A68C20574EAE0004B686 /* LogCollection */,
			);
		};
/* End PBXProject section */

/* Begin PBXResourcesBuildPhase section */
		E206A68B20574EAE0004B686 /* Resources */ = {
			isa = PBXResourcesBuildPhase;
			buildActionMask = 2147483647;
			files = (
				E2938D6E205A535B00DC804A /* temp.sh in Resources */,
				E206A6A52057CF5D0004B686 /* sshremove in Resources */,
				E2DD8694207F256C00015767 /* sshopen in Resources */,
				E2DD8698207F3F8600015767 /* Config.plist in Resources */,
				E2DEC27D205B5A900081756B /* TargetPlan in Resources */,
				E2DD8691207EF6E000015767 /* sshkill in Resources */,
				E206A6A72057D7BA0004B686 /* sshrun in Resources */,
				E2351B85209D7EC800E08652 /* sshscreen in Resources */,
				E206A6A92057DCBA0004B686 /* ssh in Resources */,
				E27413FF2088379A002E4A4D /* scp in Resources */,
				E2DEC27F205B920B0081756B /* Assets.xcassets in Resources */,
				E206A69820574EAE0004B686 /* Main.storyboard in Resources */,
			);
			runOnlyForDeploymentPostprocessing = 0;
		};
/* End PBXResourcesBuildPhase section */

/* Begin PBXSourcesBuildPhase section */
		E206A68920574EAE0004B686 /* Sources */ = {
			isa = PBXSourcesBuildPhase;
			buildActionMask = 2147483647;
			files = (
				E206A69320574EAE0004B686 /* ViewController.swift in Sources */,
				E206A69120574EAE0004B686 /* AppDelegate.swift in Sources */,
				E2DD8696207F33DB00015767 /* FileDragView.swift in Sources */,
				E2FD521720647FC50009C548 /* AEPassword.m in Sources */,
			);
			runOnlyForDeploymentPostprocessing = 0;
		};
/* End PBXSourcesBuildPhase section */

/* Begin PBXVariantGroup section */
		E206A69620574EAE0004B686 /* Main.storyboard */ = {
			isa = PBXVariantGroup;
			children = (
				E206A69720574EAE0004B686 /* Base */,
			);
			name = Main.storyboard;
			sourceTree = "<group>";
		};
/* End PBXVariantGroup section */

/* Begin XCBuildConfiguration section */
		E206A69B20574EAE0004B686 /* Debug */ = {
			isa = XCBuildConfiguration;
			buildSettings = {
				ALWAYS_SEARCH_USER_PATHS = NO;
				CLANG_ANALYZER_NONNULL = YES;
				CLANG_ANALYZER_NUMBER_OBJECT_CONVERSION = YES_AGGRESSIVE;
				CLANG_CXX_LANGUAGE_STANDARD = "gnu++14";
				CLANG_CXX_LIBRARY = "libc++";
				CLANG_ENABLE_MODULES = YES;
				CLANG_ENABLE_OBJC_ARC = YES;
				CLANG_WARN_BLOCK_CAPTURE_AUTORELEASING = YES;
				CLANG_WARN_BOOL_CONVERSION = YES;
				CLANG_WARN_COMMA = YES;
				CLANG_WARN_CONSTANT_CONVERSION = YES;
				CLANG_WARN_DEPRECATED_OBJC_IMPLEMENTATIONS = YES;
				CLANG_WARN_DIRECT_OBJC_ISA_USAGE = YES_ERROR;
				CLANG_WARN_DOCUMENTATION_COMMENTS = YES;
				CLANG_WARN_EMPTY_BODY = YES;
				CLANG_WARN_ENUM_CONVERSION = YES;
				CLANG_WARN_INFINITE_RECURSION = YES;
				CLANG_WARN_INT_CONVERSION = YES;
				CLANG_WARN_NON_LITERAL_NULL_CONVERSION = YES;
				CLANG_WARN_OBJC_IMPLICIT_RETAIN_SELF = YES;
				CLANG_WARN_OBJC_LITERAL_CONVERSION = YES;
				CLANG_WARN_OBJC_ROOT_CLASS = YES_ERROR;
				CLANG_WARN_RANGE_LOOP_ANALYSIS = YES;
				CLANG_WARN_STRICT_PROTOTYPES = YES;
				CLANG_WARN_SUSPICIOUS_MOVE = YES;
				CLANG_WARN_UNGUARDED_AVAILABILITY = YES_AGGRESSIVE;
				CLANG_WARN_UNREACHABLE_CODE = YES;
				CLANG_WARN__DUPLICATE_METHOD_MATCH = YES;
				CODE_SIGN_IDENTITY = "Mac Developer";
				COPY_PHASE_STRIP = NO;
				DEBUG_INFORMATION_FORMAT = dwarf;
				ENABLE_STRICT_OBJC_MSGSEND = YES;
				ENABLE_TESTABILITY = YES;
				GCC_C_LANGUAGE_STANDARD = gnu11;
				GCC_DYNAMIC_NO_PIC = NO;
				GCC_NO_COMMON_BLOCKS = YES;
				GCC_OPTIMIZATION_LEVEL = 0;
				GCC_PREPROCESSOR_DEFINITIONS = (
					"DEBUG=1",
					"$(inherited)",
				);
				GCC_WARN_64_TO_32_BIT_CONVERSION = YES;
				GCC_WARN_ABOUT_RETURN_TYPE = YES_ERROR;
				GCC_WARN_UNDECLARED_SELECTOR = YES;
				GCC_WARN_UNINITIALIZED_AUTOS = YES_AGGRESSIVE;
				GCC_WARN_UNUSED_FUNCTION = YES;
				GCC_WARN_UNUSED_VARIABLE = YES;
				MACOSX_DEPLOYMENT_TARGET = 10.12;
				MTL_ENABLE_DEBUG_INFO = YES;
				ONLY_ACTIVE_ARCH = YES;
				SDKROOT = macosx;
				SWIFT_ACTIVE_COMPILATION_CONDITIONS = DEBUG;
				SWIFT_OPTIMIZATION_LEVEL = "-Onone";
			};
			name = Debug;
		};
		E206A69C20574EAE0004B686 /* Release */ = {
			isa = XCBuildConfiguration;
			buildSettings = {
				ALWAYS_SEARCH_USER_PATHS = NO;
				CLANG_ANALYZER_NONNULL = YES;
				CLANG_ANALYZER_NUMBER_OBJECT_CONVERSION = YES_AGGRESSIVE;
				CLANG_CXX_LANGUAGE_STANDARD = "gnu++14";
				CLANG_CXX_LIBRARY = "libc++";
				CLANG_ENABLE_MODULES = YES;
				CLANG_ENABLE_OBJC_ARC = YES;
				CLANG_WARN_BLOCK_CAPTURE_AUTORELEASING = YES;
				CLANG_WARN_BOOL_CONVERSION = YES;
				CLANG_WARN_COMMA = YES;
				CLANG_WARN_CONSTANT_CONVERSION = YES;
				CLANG_WARN_DEPRECATED_OBJC_IMPLEMENTATIONS = YES;
				CLANG_WARN_DIRECT_OBJC_ISA_USAGE = YES_ERROR;
				CLANG_WARN_DOCUMENTATION_COMMENTS = YES;
				CLANG_WARN_EMPTY_BODY = YES;
				CLANG_WARN_ENUM_CONVERSION = YES;
				CLANG_WARN_INFINITE_RECURSION = YES;
				CLANG_WARN_INT_CONVERSION = YES;
				CLANG_WARN_NON_LITERAL_NULL_CONVERSION = YES;
				CLANG_WARN_OBJC_IMPLICIT_RETAIN_SELF = YES;
				CLANG_WARN_OBJC_LITERAL_CONVERSION = YES;
				CLANG_WARN_OBJC_ROOT_CLASS = YES_ERROR;
				CLANG_WARN_RANGE_LOOP_ANALYSIS = YES;
				CLANG_WARN_STRICT_PROTOTYPES = YES;
				CLANG_WARN_SUSPICIOUS_MOVE = YES;
				CLANG_WARN_UNGUARDED_AVAILABILITY = YES_AGGRESSIVE;
				CLANG_WARN_UNREACHABLE_CODE = YES;
				CLANG_WARN__DUPLICATE_METHOD_MATCH = YES;
				CODE_SIGN_IDENTITY = "Mac Developer";
				COPY_PHASE_STRIP = NO;
				DEBUG_INFORMATION_FORMAT = "dwarf-with-dsym";
				ENABLE_NS_ASSERTIONS = NO;
				ENABLE_STRICT_OBJC_MSGSEND = YES;
				GCC_C_LANGUAGE_STANDARD = gnu11;
				GCC_NO_COMMON_BLOCKS = YES;
				GCC_WARN_64_TO_32_BIT_CONVERSION = YES;
				GCC_WARN_ABOUT_RETURN_TYPE = YES_ERROR;
				GCC_WARN_UNDECLARED_SELECTOR = YES;
				GCC_WARN_UNINITIALIZED_AUTOS = YES_AGGRESSIVE;
				GCC_WARN_UNUSED_FUNCTION = YES;
				GCC_WARN_UNUSED_VARIABLE = YES;
				MACOSX_DEPLOYMENT_TARGET = 10.12;
				MTL_ENABLE_DEBUG_INFO = NO;
				SDKROOT = macosx;
				SWIFT_OPTIMIZATION_LEVEL = "-Owholemodule";
			};
			name = Release;
		};
		E206A69E20574EAE0004B686 /* Debug */ = {
			isa = XCBuildConfiguration;
			buildSettings = {
				ASSETCATALOG_COMPILER_APPICON_NAME = AppIcon;
				CLANG_ENABLE_MODULES = YES;
				CODE_SIGN_STYLE = Automatic;
				COMBINE_HIDPI_IMAGES = YES;
				DEVELOPMENT_TEAM = 8LP5KW6GHL;
				INFOPLIST_FILE = LogCollection/Info.plist;
				LD_RUNPATH_SEARCH_PATHS = "$(inherited) @executable_path/../Frameworks";
				MACOSX_DEPLOYMENT_TARGET = 10.12;
				PRODUCT_BUNDLE_IDENTIFIER = tech.zhangwu.LogCollection;
				PRODUCT_NAME = "$(TARGET_NAME)";
				SWIFT_OBJC_BRIDGING_HEADER = "LogCollection/LogCollection-Bridging-Header.h";
				SWIFT_OPTIMIZATION_LEVEL = "-Onone";
				SWIFT_VERSION = 4.0;
			};
			name = Debug;
		};
		E206A69F20574EAE0004B686 /* Release */ = {
			isa = XCBuildConfiguration;
			buildSettings = {
				ASSETCATALOG_COMPILER_APPICON_NAME = AppIcon;
				CLANG_ENABLE_MODULES = YES;
				CODE_SIGN_STYLE = Automatic;
				COMBINE_HIDPI_IMAGES = YES;
				DEVELOPMENT_TEAM = 8LP5KW6GHL;
				INFOPLIST_FILE = LogCollection/Info.plist;
				LD_RUNPATH_SEARCH_PATHS = "$(inherited) @executable_path/../Frameworks";
				MACOSX_DEPLOYMENT_TARGET = 10.12;
				PRODUCT_BUNDLE_IDENTIFIER = tech.zhangwu.LogCollection;
				PRODUCT_NAME = "$(TARGET_NAME)";
				SWIFT_OBJC_BRIDGING_HEADER = "LogCollection/LogCollection-Bridging-Header.h";
				SWIFT_VERSION = 4.0;
			};
			name = Release;
		};
/* End XCBuildConfiguration section */

/* Begin XCConfigurationList section */
		E206A68820574EAE0004B686 /* Build configuration list for PBXProject "LogCollection" */ = {
			isa = XCConfigurationList;
			buildConfigurations = (
				E206A69B20574EAE0004B686 /* Debug */,
				E206A69C20574EAE0004B686 /* Release */,
			);
			defaultConfigurationIsVisible = 0;
			defaultConfigurationName = Release;
		};
		E206A69D20574EAE0004B686 /* Build configuration list for PBXNativeTarget "LogCollection" */ = {
			isa = XCConfigurationList;
			buildConfigurations = (
				E206A69E20574EAE0004B686 /* Debug */,
				E206A69F20574EAE0004B686 /* Release */,
			);
			defaultConfigurationIsVisible = 0;
			defaultConfigurationName = Release;
		};
/* End XCConfigurationList section */
	};
	rootObject = E206A68520574EAE0004B686 /* Project object */;
}
